# This file is autogenerated, do not edit; changes may be undone by the next 'dep ensure'.


[[projects]]
  branch = "master"
  name = "github.com/alexsasharegan/dotenv"
  packages = ["."]
  revision = "090a4d1b5d42ce7c3577c42f282b55fc45d5eab1"

[[projects]]
  name = "github.com/go-sql-driver/mysql"
  packages = ["."]
  revision = "a0583e0143b1624142adab07e0e97fe106d99561"
  version = "v1.3"

[[projects]]
  name = "github.com/teris-io/cli"
  packages = ["."]
  revision = "903598a017880e40a9edea0b45eabf00ff24ab60"
  version = "v1.0.1"

[solve-meta]
  analyzer-name = "dep"
  analyzer-version = 1
  inputs-digest = "3425509c72336d7821447f9ed2a00e3eefff455d57f3e6012655f8df8e74e038"
  solver-name = "gps-cdcl"
  solver-version = 1
